// !$*UTF8*$!
{
	archiveVersion = 1;
	classes = {
	};
	objectVersion = 50;
	objects = {

/* Begin PBXBuildFile section */
		CA7D1F3D2200FE0B003E45ED /* AppDelegate.swift in Sources */ = {isa = PBXBuildFile; fileRef = CA7D1F3C2200FE0B003E45ED /* AppDelegate.swift */; };
		CA7D1F3F2200FE0B003E45ED /* ViewController.swift in Sources */ = {isa = PBXBuildFile; fileRef = CA7D1F3E2200FE0B003E45ED /* ViewController.swift */; };
		CA7D1F422200FE0B003E45ED /* Main.storyboard in Resources */ = {isa = PBXBuildFile; fileRef = CA7D1F402200FE0B003E45ED /* Main.storyboard */; };
		CA7D1F442200FE0C003E45ED /* Assets.xcassets in Resources */ = {isa = PBXBuildFile; fileRef = CA7D1F432200FE0C003E45ED /* Assets.xcassets */; };
		CA7D1F472200FE0C003E45ED /* LaunchScreen.storyboard in Resources */ = {isa = PBXBuildFile; fileRef = CA7D1F452200FE0C003E45ED /* LaunchScreen.storyboard */; };
		CA7D1F522200FE0C003E45ED /* tryTests.swift in Sources */ = {isa = PBXBuildFile; fileRef = CA7D1F512200FE0C003E45ED /* tryTests.swift */; };
		CA7D1F5D2200FE0C003E45ED /* tryUITests.swift in Sources */ = {isa = PBXBuildFile; fileRef = CA7D1F5C2200FE0C003E45ED /* tryUITests.swift */; };
/* End PBXBuildFile section */

/* Begin PBXContainerItemProxy section */
		CA7D1F4E2200FE0C003E45ED /* PBXContainerItemProxy */ = {
			isa = PBXContainerItemProxy;
			containerPortal = CA7D1F312200FE0B003E45ED /* Project object */;
			proxyType = 1;
			remoteGlobalIDString = CA7D1F382200FE0B003E45ED;
			remoteInfo = try;
		};
		CA7D1F592200FE0C003E45ED /* PBXContainerItemProxy */ = {
			isa = PBXContainerItemProxy;
			containerPortal = CA7D1F312200FE0B003E45ED /* Project object */;
			proxyType = 1;
			remoteGlobalIDString = CA7D1F382200FE0B003E45ED;
			remoteInfo = try;
		};
/* End PBXContainerItemProxy section */

/* Begin PBXFileReference section */
		CA7D1F392200FE0B003E45ED /* try.app */ = {isa = PBXFileReference; explicitFileType = wrapper.application; includeInIndex = 0; path = try.app; sourceTree = BUILT_PRODUCTS_DIR; };
		CA7D1F3C2200FE0B003E45ED /* AppDelegate.swift */ = {isa = PBXFileReference; lastKnownFileType = sourcecode.swift; path = AppDelegate.swift; sourceTree = "<group>"; };
		CA7D1F3E2200FE0B003E45ED /* ViewController.swift */ = {isa = PBXFileReference; lastKnownFileType = sourcecode.swift; path = ViewController.swift; sourceTree = "<group>"; };
		CA7D1F412200FE0B003E45ED /* Base */ = {isa = PBXFileReference; lastKnownFileType = file.storyboard; name = Base; path = Base.lproj/Main.storyboard; sourceTree = "<group>"; };
		CA7D1F432200FE0C003E45ED /* Assets.xcassets */ = {isa = PBXFileReference; lastKnownFileType = folder.assetcatalog; path = Assets.xcassets; sourceTree = "<group>"; };
		CA7D1F462200FE0C003E45ED /* Base */ = {isa = PBXFileReference; lastKnownFileType = file.storyboard; name = Base; path = Base.lproj/LaunchScreen.storyboard; sourceTree = "<group>"; };
		CA7D1F482200FE0C003E45ED /* Info.plist */ = {isa = PBXFileReference; lastKnownFileType = text.plist.xml; path = Info.plist; sourceTree = "<group>"; };
		CA7D1F4D2200FE0C003E45ED /* tryTests.xctest */ = {isa = PBXFileReference; explicitFileType = wrapper.cfbundle; includeInIndex = 0; path = tryTests.xctest; sourceTree = BUILT_PRODUCTS_DIR; };
		CA7D1F512200FE0C003E45ED /* tryTests.swift */ = {isa = PBXFileReference; lastKnownFileType = sourcecode.swift; path = tryTests.swift; sourceTree = "<group>"; };
		CA7D1F532200FE0C003E45ED /* Info.plist */ = {isa = PBXFileReference; lastKnownFileType = text.plist.xml; path = Info.plist; sourceTree = "<group>"; };
		CA7D1F582200FE0C003E45ED /* tryUITests.xctest */ = {isa = PBXFileReference; explicitFileType = wrapper.cfbundle; includeInIndex = 0; path = tryUITests.xctest; sourceTree = BUILT_PRODUCTS_DIR; };
		CA7D1F5C2200FE0C003E45ED /* tryUITests.swift */ = {isa = PBXFileReference; lastKnownFileType = sourcecode.swift; path = tryUITests.swift; sourceTree = "<group>"; };
		CA7D1F5E2200FE0C003E45ED /* Info.plist */ = {isa = PBXFileReference; lastKnownFileType = text.plist.xml; path = Info.plist; sourceTree = "<group>"; };
/* End PBXFileReference section */

/* Begin PBXFrameworksBuildPhase section */
		CA7D1F362200FE0B003E45ED /* Frameworks */ = {
			isa = PBXFrameworksBuildPhase;
			buildActionMask = 2147483647;
			files = (
			);
			runOnlyForDeploymentPostprocessing = 0;
		};
		CA7D1F4A2200FE0C003E45ED /* Frameworks */ = {
			isa = PBXFrameworksBuildPhase;
			buildActionMask = 2147483647;
			files = (
			);
			runOnlyForDeploymentPostprocessing = 0;
		};
		CA7D1F552200FE0C003E45ED /* Frameworks */ = {
			isa = PBXFrameworksBuildPhase;
			buildActionMask = 2147483647;
			files = (
			);
			runOnlyForDeploymentPostprocessing = 0;
		};
/* End PBXFrameworksBuildPhase section */

/* Begin PBXGroup section */
		CA7D1F302200FE0B003E45ED = {
			isa = PBXGroup;
			children = (
				CA7D1F3B2200FE0B003E45ED /* try */,
				CA7D1F502200FE0C003E45ED /* tryTests */,
				CA7D1F5B2200FE0C003E45ED /* tryUITests */,
				CA7D1F3A2200FE0B003E45ED /* Products */,
			);
			sourceTree = "<group>";
		};
		CA7D1F3A2200FE0B003E45ED /* Products */ = {
			isa = PBXGroup;
			children = (
				CA7D1F392200FE0B003E45ED /* try.app */,
				CA7D1F4D2200FE0C003E45ED /* tryTests.xctest */,
				CA7D1F582200FE0C003E45ED /* tryUITests.xctest */,
			);
			name = Products;
			sourceTree = "<group>";
		};
		CA7D1F3B2200FE0B003E45ED /* try */ = {
			isa = PBXGroup;
			children = (
				CA7D1F3C2200FE0B003E45ED /* AppDelegate.swift */,
				CA7D1F3E2200FE0B003E45ED /* ViewController.swift */,
				CA7D1F402200FE0B003E45ED /* Main.storyboard */,
				CA7D1F432200FE0C003E45ED /* Assets.xcassets */,
				CA7D1F452200FE0C003E45ED /* LaunchScreen.storyboard */,
				CA7D1F482200FE0C003E45ED /* Info.plist */,
			);
			path = try;
			sourceTree = "<group>";
		};
		CA7D1F502200FE0C003E45ED /* tryTests */ = {
			isa = PBXGroup;
			children = (
				CA7D1F512200FE0C003E45ED /* tryTests.swift */,
				CA7D1F532200FE0C003E45ED /* Info.plist */,
			);
			path = tryTests;
			sourceTree = "<group>";
		};
		CA7D1F5B2200FE0C003E45ED /* tryUITests */ = {
			isa = PBXGroup;
			children = (
				CA7D1F5C2200FE0C003E45ED /* tryUITests.swift */,
				CA7D1F5E2200FE0C003E45ED /* Info.plist */,
			);
			path = tryUITests;
			sourceTree = "<group>";
		};
/* End PBXGroup section */

/* Begin PBXNativeTarget section */
		CA7D1F382200FE0B003E45ED /* try */ = {
			isa = PBXNativeTarget;
			buildConfigurationList = CA7D1F612200FE0C003E45ED /* Build configuration list for PBXNativeTarget "try" */;
			buildPhases = (
				CA7D1F352200FE0B003E45ED /* Sources */,
				CA7D1F362200FE0B003E45ED /* Frameworks */,
				CA7D1F372200FE0B003E45ED /* Resources */,
			);
			buildRules = (
			);
			dependencies = (
			);
			name = try;
			productName = try;
			productReference = CA7D1F392200FE0B003E45ED /* try.app */;
			productType = "com.apple.product-type.application";
		};
		CA7D1F4C2200FE0C003E45ED /* tryTests */ = {
			isa = PBXNativeTarget;
			buildConfigurationList = CA7D1F642200FE0C003E45ED /* Build configuration list for PBXNativeTarget "tryTests" */;
			buildPhases = (
				CA7D1F492200FE0C003E45ED /* Sources */,
				CA7D1F4A2200FE0C003E45ED /* Frameworks */,
				CA7D1F4B2200FE0C003E45ED /* Resources */,
			);
			buildRules = (
			);
			dependencies = (
				CA7D1F4F2200FE0C003E45ED /* PBXTargetDependency */,
			);
			name = tryTests;
			productName = tryTests;
			productReference = CA7D1F4D2200FE0C003E45ED /* tryTests.xctest */;
			productType = "com.apple.product-type.bundle.unit-test";
		};
		CA7D1F572200FE0C003E45ED /* tryUITests */ = {
			isa = PBXNativeTarget;
			buildConfigurationList = CA7D1F672200FE0C003E45ED /* Build configuration list for PBXNativeTarget "tryUITests" */;
			buildPhases = (
				CA7D1F542200FE0C003E45ED /* Sources */,
				CA7D1F552200FE0C003E45ED /* Frameworks */,
				CA7D1F562200FE0C003E45ED /* Resources */,
			);
			buildRules = (
			);
			dependencies = (
				CA7D1F5A2200FE0C003E45ED /* PBXTargetDependency */,
			);
			name = tryUITests;
			productName = tryUITests;
			productReference = CA7D1F582200FE0C003E45ED /* tryUITests.xctest */;
			productType = "com.apple.product-type.bundle.ui-testing";
		};
/* End PBXNativeTarget section */

/* Begin PBXProject section */
		CA7D1F312200FE0B003E45ED /* Project object */ = {
			isa = PBXProject;
			attributes = {
				LastSwiftUpdateCheck = 1010;
				LastUpgradeCheck = 1010;
				ORGANIZATIONNAME = "Brandon Liu";
				TargetAttributes = {
					CA7D1F382200FE0B003E45ED = {
						CreatedOnToolsVersion = 10.1;
					};
					CA7D1F4C2200FE0C003E45ED = {
						CreatedOnToolsVersion = 10.1;
						TestTargetID = CA7D1F382200FE0B003E45ED;
					};
					CA7D1F572200FE0C003E45ED = {
						CreatedOnToolsVersion = 10.1;
						TestTargetID = CA7D1F382200FE0B003E45ED;
					};
				};
			};
			buildConfigurationList = CA7D1F342200FE0B003E45ED /* Build configuration list for PBXProject "try" */;
			compatibilityVersion = "Xcode 9.3";
			developmentRegion = en;
			hasScannedForEncodings = 0;
			knownRegions = (
				en,
				Base,
			);
			mainGroup = CA7D1F302200FE0B003E45ED;
			productRefGroup = CA7D1F3A2200FE0B003E45ED /* Products */;
			projectDirPath = "";
			projectRoot = "";
			targets = (
				CA7D1F382200FE0B003E45ED /* try */,
				CA7D1F4C2200FE0C003E45ED /* tryTests */,
				CA7D1F572200FE0C003E45ED /* tryUITests */,
			);
		};
/* End PBXProject section */

/* Begin PBXResourcesBuildPhase section */
		CA7D1F372200FE0B003E45ED /* Resources */ = {
			isa = PBXResourcesBuildPhase;
			buildActionMask = 2147483647;
			files = (
				CA7D1F472200FE0C003E45ED /* LaunchScreen.storyboard in Resources */,
				CA7D1F442200FE0C003E45ED /* Assets.xcassets in Resources */,
				CA7D1F422200FE0B003E45ED /* Main.storyboard in Resources */,
			);
			runOnlyForDeploymentPostprocessing = 0;
		};
		CA7D1F4B2200FE0C003E45ED /* Resources */ = {
			isa = PBXResourcesBuildPhase;
			buildActionMask = 2147483647;
			files = (
			);
			runOnlyForDeploymentPostprocessing = 0;
		};
		CA7D1F562200FE0C003E45ED /* Resources */ = {
			isa = PBXResourcesBuildPhase;
			buildActionMask = 2147483647;
			files = (
			);
			runOnlyForDeploymentPostprocessing = 0;
		};
/* End PBXResourcesBuildPhase section */

/* Begin PBXSourcesBuildPhase section */
		CA7D1F352200FE0B003E45ED /* Sources */ = {
			isa = PBXSourcesBuildPhase;
			buildActionMask = 2147483647;
			files = (
				CA7D1F3F2200FE0B003E45ED /* ViewController.swift in Sources */,
				CA7D1F3D2200FE0B003E45ED /* AppDelegate.swift in Sources */,
			);
			runOnlyForDeploymentPostprocessing = 0;
		};
		CA7D1F492200FE0C003E45ED /* Sources */ = {
			isa = PBXSourcesBuildPhase;
			buildActionMask = 2147483647;
			files = (
				CA7D1F522200FE0C003E45ED /* tryTests.swift in Sources */,
			);
			runOnlyForDeploymentPostprocessing = 0;
		};
		CA7D1F542200FE0C003E45ED /* Sources */ = {
			isa = PBXSourcesBuildPhase;
			buildActionMask = 2147483647;
			files = (
				CA7D1F5D2200FE0C003E45ED /* tryUITests.swift in Sources */,
			);
			runOnlyForDeploymentPostprocessing = 0;
		};
/* End PBXSourcesBuildPhase section */

/* Begin PBXTargetDependency section */
		CA7D1F4F2200FE0C003E45ED /* PBXTargetDependency */ = {
			isa = PBXTargetDependency;
			target = CA7D1F382200FE0B003E45ED /* try */;
			targetProxy = CA7D1F4E2200FE0C003E45ED /* PBXContainerItemProxy */;
		};
		CA7D1F5A2200FE0C003E45ED /* PBXTargetDependency */ = {
			isa = PBXTargetDependency;
			target = CA7D1F382200FE0B003E45ED /* try */;
			targetProxy = CA7D1F592200FE0C003E45ED /* PBXContainerItemProxy */;
		};
/* End PBXTargetDependency section */

/* Begin PBXVariantGroup section */
		CA7D1F402200FE0B003E45ED /* Main.storyboard */ = {
			isa = PBXVariantGroup;
			children = (
				CA7D1F412200FE0B003E45ED /* Base */,
			);
			name = Main.storyboard;
			sourceTree = "<group>";
		};
		CA7D1F452200FE0C003E45ED /* LaunchScreen.storyboard */ = {
			isa = PBXVariantGroup;
			children = (
				CA7D1F462200FE0C003E45ED /* Base */,
			);
			name = LaunchScreen.storyboard;
			sourceTree = "<group>";
		};
/* End PBXVariantGroup section */

/* Begin XCBuildConfiguration section */
		CA7D1F5F2200FE0C003E45ED /* Debug */ = {
			isa = XCBuildConfiguration;
			buildSettings = {
				ALWAYS_SEARCH_USER_PATHS = NO;
				CLANG_ANALYZER_NONNULL = YES;
				CLANG_ANALYZER_NUMBER_OBJECT_CONVERSION = YES_AGGRESSIVE;
				CLANG_CXX_LANGUAGE_STANDARD = "gnu++14";
				CLANG_CXX_LIBRARY = "libc++";
				CLANG_ENABLE_MODULES = YES;
				CLANG_ENABLE_OBJC_ARC = YES;
				CLANG_ENABLE_OBJC_WEAK = YES;
				CLANG_WARN_BLOCK_CAPTURE_AUTORELEASING = YES;
				CLANG_WARN_BOOL_CONVERSION = YES;
				CLANG_WARN_COMMA = YES;
				CLANG_WARN_CONSTANT_CONVERSION = YES;
				CLANG_WARN_DEPRECATED_OBJC_IMPLEMENTATIONS = YES;
				CLANG_WARN_DIRECT_OBJC_ISA_USAGE = YES_ERROR;
				CLANG_WARN_DOCUMENTATION_COMMENTS = YES;
				CLANG_WARN_EMPTY_BODY = YES;
				CLANG_WARN_ENUM_CONVERSION = YES;
				CLANG_WARN_INFINITE_RECURSION = YES;
				CLANG_WARN_INT_CONVERSION = YES;
				CLANG_WARN_NON_LITERAL_NULL_CONVERSION = YES;
				CLANG_WARN_OBJC_IMPLICIT_RETAIN_SELF = YES;
				CLANG_WARN_OBJC_LITERAL_CONVERSION = YES;
				CLANG_WARN_OBJC_ROOT_CLASS = YES_ERROR;
				CLANG_WARN_RANGE_LOOP_ANALYSIS = YES;
				CLANG_WARN_STRICT_PROTOTYPES = YES;
				CLANG_WARN_SUSPICIOUS_MOVE = YES;
				CLANG_WARN_UNGUARDED_AVAILABILITY = YES_AGGRESSIVE;
				CLANG_WARN_UNREACHABLE_CODE = YES;
				CLANG_WARN__DUPLICATE_METHOD_MATCH = YES;
				CODE_SIGN_IDENTITY = "iPhone Developer";
				COPY_PHASE_STRIP = NO;
				DEBUG_INFORMATION_FORMAT = dwarf;
				ENABLE_STRICT_OBJC_MSGSEND = YES;
				ENABLE_TESTABILITY = YES;
				GCC_C_LANGUAGE_STANDARD = gnu11;
				GCC_DYNAMIC_NO_PIC = NO;
				GCC_NO_COMMON_BLOCKS = YES;
				GCC_OPTIMIZATION_LEVEL = 0;
				GCC_PREPROCESSOR_DEFINITIONS = (
					"DEBUG=1",
					"$(inherited)",
				);
				GCC_WARN_64_TO_32_BIT_CONVERSION = YES;
				GCC_WARN_ABOUT_RETURN_TYPE = YES_ERROR;
				GCC_WARN_UNDECLARED_SELECTOR = YES;
				GCC_WARN_UNINITIALIZED_AUTOS = YES_AGGRESSIVE;
				GCC_WARN_UNUSED_FUNCTION = YES;
				GCC_WARN_UNUSED_VARIABLE = YES;
				IPHONEOS_DEPLOYMENT_TARGET = 12.1;
				MTL_ENABLE_DEBUG_INFO = INCLUDE_SOURCE;
				MTL_FAST_MATH = YES;
				ONLY_ACTIVE_ARCH = YES;
				SDKROOT = iphoneos;
				SWIFT_ACTIVE_COMPILATION_CONDITIONS = DEBUG;
				SWIFT_OPTIMIZATION_LEVEL = "-Onone";
			};
			name = Debug;
		};
		CA7D1F602200FE0C003E45ED /* Release */ = {
			isa = XCBuildConfiguration;
			buildSettings = {
				ALWAYS_SEARCH_USER_PATHS = NO;
				CLANG_ANALYZER_NONNULL = YES;
				CLANG_ANALYZER_NUMBER_OBJECT_CONVERSION = YES_AGGRESSIVE;
				CLANG_CXX_LANGUAGE_STANDARD = "gnu++14";
				CLANG_CXX_LIBRARY = "libc++";
				CLANG_ENABLE_MODULES = YES;
				CLANG_ENABLE_OBJC_ARC = YES;
				CLANG_ENABLE_OBJC_WEAK = YES;
				CLANG_WARN_BLOCK_CAPTURE_AUTORELEASING = YES;
				CLANG_WARN_BOOL_CONVERSION = YES;
				CLANG_WARN_COMMA = YES;
				CLANG_WARN_CONSTANT_CONVERSION = YES;
				CLANG_WARN_DEPRECATED_OBJC_IMPLEMENTATIONS = YES;
				CLANG_WARN_DIRECT_OBJC_ISA_USAGE = YES_ERROR;
				CLANG_WARN_DOCUMENTATION_COMMENTS = YES;
				CLANG_WARN_EMPTY_BODY = YES;
				CLANG_WARN_ENUM_CONVERSION = YES;
				CLANG_WARN_INFINITE_RECURSION = YES;
				CLANG_WARN_INT_CONVERSION = YES;
				CLANG_WARN_NON_LITERAL_NULL_CONVERSION = YES;
				CLANG_WARN_OBJC_IMPLICIT_RETAIN_SELF = YES;
				CLANG_WARN_OBJC_LITERAL_CONVERSION = YES;
				CLANG_WARN_OBJC_ROOT_CLASS = YES_ERROR;
				CLANG_WARN_RANGE_LOOP_ANALYSIS = YES;
				CLANG_WARN_STRICT_PROTOTYPES = YES;
				CLANG_WARN_SUSPICIOUS_MOVE = YES;
				CLANG_WARN_UNGUARDED_AVAILABILITY = YES_AGGRESSIVE;
				CLANG_WARN_UNREACHABLE_CODE = YES;
				CLANG_WARN__DUPLICATE_METHOD_MATCH = YES;
				CODE_SIGN_IDENTITY = "iPhone Developer";
				COPY_PHASE_STRIP = NO;
				DEBUG_INFORMATION_FORMAT = "dwarf-with-dsym";
				ENABLE_NS_ASSERTIONS = NO;
				ENABLE_STRICT_OBJC_MSGSEND = YES;
				GCC_C_LANGUAGE_STANDARD = gnu11;
				GCC_NO_COMMON_BLOCKS = YES;
				GCC_WARN_64_TO_32_BIT_CONVERSION = YES;
				GCC_WARN_ABOUT_RETURN_TYPE = YES_ERROR;
				GCC_WARN_UNDECLARED_SELECTOR = YES;
				GCC_WARN_UNINITIALIZED_AUTOS = YES_AGGRESSIVE;
				GCC_WARN_UNUSED_FUNCTION = YES;
				GCC_WARN_UNUSED_VARIABLE = YES;
				IPHONEOS_DEPLOYMENT_TARGET = 12.1;
				MTL_ENABLE_DEBUG_INFO = NO;
				MTL_FAST_MATH = YES;
				SDKROOT = iphoneos;
				SWIFT_COMPILATION_MODE = wholemodule;
				SWIFT_OPTIMIZATION_LEVEL = "-O";
				VALIDATE_PRODUCT = YES;
			};
			name = Release;
		};
		CA7D1F622200FE0C003E45ED /* Debug */ = {
			isa = XCBuildConfiguration;
			buildSettings = {
				ASSETCATALOG_COMPILER_APPICON_NAME = AppIcon;
				CODE_SIGN_STYLE = Automatic;
				DEVELOPMENT_TEAM = 9XDFUKLP4U;
				INFOPLIST_FILE = try/Info.plist;
				LD_RUNPATH_SEARCH_PATHS = (
					"$(inherited)",
					"@executable_path/Frameworks",
				);
				PRODUCT_BUNDLE_IDENTIFIER = BL.try;
				PRODUCT_NAME = "$(TARGET_NAME)";
				SWIFT_VERSION = 4.2;
				TARGETED_DEVICE_FAMILY = "1,2";
			};
			name = Debug;
		};
		CA7D1F632200FE0C003E45ED /* Release */ = {
			isa = XCBuildConfiguration;
			buildSettings = {
				ASSETCATALOG_COMPILER_APPICON_NAME = AppIcon;
				CODE_SIGN_STYLE = Automatic;
				DEVELOPMENT_TEAM = 9XDFUKLP4U;
				INFOPLIST_FILE = try/Info.plist;
				LD_RUNPATH_SEARCH_PATHS = (
					"$(inherited)",
					"@executable_path/Frameworks",
				);
				PRODUCT_BUNDLE_IDENTIFIER = BL.try;
				PRODUCT_NAME = "$(TARGET_NAME)";
				SWIFT_VERSION = 4.2;
				TARGETED_DEVICE_FAMILY = "1,2";
			};
			name = Release;
		};
		CA7D1F652200FE0C003E45ED /* Debug */ = {
			isa = XCBuildConfiguration;
			buildSettings = {
				ALWAYS_EMBED_SWIFT_STANDARD_LIBRARIES = YES;
				BUNDLE_LOADER = "$(TEST_HOST)";
				CODE_SIGN_STYLE = Automatic;
				DEVELOPMENT_TEAM = 9XDFUKLP4U;
				INFOPLIST_FILE = tryTests/Info.plist;
				LD_RUNPATH_SEARCH_PATHS = (
					"$(inherited)",
					"@executable_path/Frameworks",
					"@loader_path/Frameworks",
				);
				PRODUCT_BUNDLE_IDENTIFIER = BL.tryTests;
				PRODUCT_NAME = "$(TARGET_NAME)";
				SWIFT_VERSION = 4.2;
				TARGETED_DEVICE_FAMILY = "1,2";
				TEST_HOST = "$(BUILT_PRODUCTS_DIR)/try.app/try";
			};
			name = Debug;
		};
		CA7D1F662200FE0C003E45ED /* Release */ = {
			isa = XCBuildConfiguration;
			buildSettings = {
				ALWAYS_EMBED_SWIFT_STANDARD_LIBRARIES = YES;
				BUNDLE_LOADER = "$(TEST_HOST)";
				CODE_SIGN_STYLE = Automatic;
				DEVELOPMENT_TEAM = 9XDFUKLP4U;
				INFOPLIST_FILE = tryTests/Info.plist;
				LD_RUNPATH_SEARCH_PATHS = (
					"$(inherited)",
					"@executable_path/Frameworks",
					"@loader_path/Frameworks",
				);
				PRODUCT_BUNDLE_IDENTIFIER = BL.tryTests;
				PRODUCT_NAME = "$(TARGET_NAME)";
				SWIFT_VERSION = 4.2;
				TARGETED_DEVICE_FAMILY = "1,2";
				TEST_HOST = "$(BUILT_PRODUCTS_DIR)/try.app/try";
			};
			name = Release;
		};
		CA7D1F682200FE0C003E45ED /* Debug */ = {
			isa = XCBuildConfiguration;
			buildSettings = {
				ALWAYS_EMBED_SWIFT_STANDARD_LIBRARIES = YES;
				CODE_SIGN_STYLE = Automatic;
				DEVELOPMENT_TEAM = 9XDFUKLP4U;
				INFOPLIST_FILE = tryUITests/Info.plist;
				LD_RUNPATH_SEARCH_PATHS = (
					"$(inherited)",
					"@executable_path/Frameworks",
					"@loader_path/Frameworks",
				);
				PRODUCT_BUNDLE_IDENTIFIER = BL.tryUITests;
				PRODUCT_NAME = "$(TARGET_NAME)";
				SWIFT_VERSION = 4.2;
				TARGETED_DEVICE_FAMILY = "1,2";
				TEST_TARGET_NAME = try;
			};
			name = Debug;
		};
		CA7D1F692200FE0C003E45ED /* Release */ = {
			isa = XCBuildConfiguration;
			buildSettings = {
				ALWAYS_EMBED_SWIFT_STANDARD_LIBRARIES = YES;
				CODE_SIGN_STYLE = Automatic;
				DEVELOPMENT_TEAM = 9XDFUKLP4U;
				INFOPLIST_FILE = tryUITests/Info.plist;
				LD_RUNPATH_SEARCH_PATHS = (
					"$(inherited)",
					"@executable_path/Frameworks",
					"@loader_path/Frameworks",
				);
				PRODUCT_BUNDLE_IDENTIFIER = BL.tryUITests;
				PRODUCT_NAME = "$(TARGET_NAME)";
				SWIFT_VERSION = 4.2;
				TARGETED_DEVICE_FAMILY = "1,2";
				TEST_TARGET_NAME = try;
			};
			name = Release;
		};
/* End XCBuildConfiguration section */

/* Begin XCConfigurationList section */
		CA7D1F342200FE0B003E45ED /* Build configuration list for PBXProject "try" */ = {
			isa = XCConfigurationList;
			buildConfigurations = (
				CA7D1F5F2200FE0C003E45ED /* Debug */,
				CA7D1F602200FE0C003E45ED /* Release */,
			);
			defaultConfigurationIsVisible = 0;
			defaultConfigurationName = Release;
		};
		CA7D1F612200FE0C003E45ED /* Build configuration list for PBXNativeTarget "try" */ = {
			isa = XCConfigurationList;
			buildConfigurations = (
				CA7D1F622200FE0C003E45ED /* Debug */,
				CA7D1F632200FE0C003E45ED /* Release */,
			);
			defaultConfigurationIsVisible = 0;
			defaultConfigurationName = Release;
		};
		CA7D1F642200FE0C003E45ED /* Build configuration list for PBXNativeTarget "tryTests" */ = {
			isa = XCConfigurationList;
			buildConfigurations = (
				CA7D1F652200FE0C003E45ED /* Debug */,
				CA7D1F662200FE0C003E45ED /* Release */,
			);
			defaultConfigurationIsVisible = 0;
			defaultConfigurationName = Release;
		};
		CA7D1F672200FE0C003E45ED /* Build configuration list for PBXNativeTarget "tryUITests" */ = {
			isa = XCConfigurationList;
			buildConfigurations = (
				CA7D1F682200FE0C003E45ED /* Debug */,
				CA7D1F692200FE0C003E45ED /* Release */,
			);
			defaultConfigurationIsVisible = 0;
			defaultConfigurationName = Release;
		};
/* End XCConfigurationList section */
	};
	rootObject = CA7D1F312200FE0B003E45ED /* Project object */;
}
